github.com/task4233/gacha-ja v0.0.1 h1:psNyLHjOHd9VZ9qfaQ+02gGjPCgyzqiWhgIHBKTGDWw=
github.com/task4233/gacha-ja v0.0.1/go.mod h1:qQl5DZoj58mek928g+X2yQHNJrKcXbapLXg1VfnbUSY=
github.com/task4233/gacha-ja/skeleton/section04/step02 v0.0.0-20210306163830-83f803d3653a h1:nO25Bl6rvh7DJjNhxZmvJUuEl+xGs6FMLAI3KLv/tso=
github.com/task4233/gacha-ja/skeleton/section04/step02 v0.0.0-20210306163830-83f803d3653a/go.mod h1:Q49z27jtJIyxZPgSWRLknU2ecmtAuwKr40A8i3QZAog=
